
Microsoft Visual Studio Solution File, Format Version 12.00
# Visual Studio Version 17
VisualStudioVersion = 17.3.32508.49
MinimumVisualStudioVersion = 10.0.40219.1
Project("{FAE04EC0-301F-11D3-BF4B-00C04F79EFBC}") = "ClassLibrary12", "ClassLibrary12\ClassLibrary12.csproj", "{D30F73E0-AC19-4D8E-A118-B405E967DC9B}"
EndProject
Project("{FAE04EC0-301F-11D3-BF4B-00C04F79EFBC}") = "TestProject1", "TestProject1\TestProject1.csproj", "{9BEECDC4-A98C-4FC8-B060-4F3A069DA55B}"
EndProject
Global
	GlobalSection(SolutionConfigurationPlatforms) = preSolution
		Debug|Any CPU = Debug|Any CPU
		Release|Any CPU = Release|Any CPU
	EndGlobalSection
	GlobalSection(ProjectConfigurationPlatforms) = postSolution
		{D30F73E0-AC19-4D8E-A118-B405E967DC9B}.Debug|Any CPU.ActiveCfg = Debug|Any CPU
		{D30F73E0-AC19-4D8E-A118-B405E967DC9B}.Debug|Any CPU.Build.0 = Debug|Any CPU
		{D30F73E0-AC19-4D8E-A118-B405E967DC9B}.Release|Any CPU.ActiveCfg = Release|Any CPU
		{D30F73E0-AC19-4D8E-A118-B405E967DC9B}.Release|Any CPU.Build.0 = Release|Any CPU
		{9BEECDC4-A98C-4FC8-B060-4F3A069DA55B}.Debug|Any CPU.ActiveCfg = Debug|Any CPU
		{9BEECDC4-A98C-4FC8-B060-4F3A069DA55B}.Debug|Any CPU.Build.0 = Debug|Any CPU
		{9BEECDC4-A98C-4FC8-B060-4F3A069DA55B}.Release|Any CPU.ActiveCfg = Release|Any CPU
		{9BEECDC4-A98C-4FC8-B060-4F3A069DA55B}.Release|Any CPU.Build.0 = Release|Any CPU
	EndGlobalSection
	GlobalSection(SolutionProperties) = preSolution
		HideSolutionNode = FALSE
	EndGlobalSection
	GlobalSection(ExtensibilityGlobals) = postSolution
		SolutionGuid = {A3BD4582-6E58-4273-A0F4-CB0A60430DF3}
	EndGlobalSection
EndGlobal
